{"1.2.0",
[{<<"bear">>,{pkg,<<"bear">>,<<"0.8.7">>},1},
 {<<"folsom">>,{pkg,<<"folsom">>,<<"0.8.8">>},0},
 {<<"parse_trans">>,{pkg,<<"parse_trans">>,<<"3.3.1">>},0}]}.
[
{pkg_hash,[
 {<<"bear">>, <<"16264309AE5D005D03718A5C82641FCC259C9E8F09ADEB6FD79CA4271168656F">>},
 {<<"folsom">>, <<"9A2B02010F6727CB1948EF34E21CB66F3554B63355C3A31E8BCB10FB172C3170">>},
 {<<"parse_trans">>, <<"16328AB840CC09919BD10DAB29E431DA3AF9E9E7E7E6F0089DD5A2D2820011D8">>}]},
{pkg_hash_ext,[
 {<<"bear">>, <<"534217DCE6A719D59E54FB0EB7A367900DBFC5F85757E8C1F94269DF383F6D9B">>},
 {<<"folsom">>, <<"22DACCB25764AC71C7C7C29964D7F9D4BB2C70858E0FD7816C2F630BACA8F5C9">>},
 {<<"parse_trans">>, <<"07CD9577885F56362D414E8C4C4E6BDF10D43A8767ABB92D24CBE8B24C54888B">>}]}
].
